
Microsoft Visual Studio Solution File, Format Version 12.00
# Visual Studio 15
VisualStudioVersion = 15.0.28010.2003
MinimumVisualStudioVersion = 10.0.40219.1
Project("{FAE04EC0-301F-11D3-BF4B-00C04F79EFBC}") = "HotelsBook", "HotelsBook\HotelsBook.csproj", "{A1DC10B3-E307-48BA-9CD6-112993643BFC}"
EndProject
Project("{FAE04EC0-301F-11D3-BF4B-00C04F79EFBC}") = "ConsoleApp1", "ConsoleApp1\ConsoleApp1.csproj", "{039326A2-446B-4DC3-B1DF-864ED74D0D07}"
EndProject
Global
	GlobalSection(SolutionConfigurationPlatforms) = preSolution
		Debug|Any CPU = Debug|Any CPU
		Release|Any CPU = Release|Any CPU
	EndGlobalSection
	GlobalSection(ProjectConfigurationPlatforms) = postSolution
		{A1DC10B3-E307-48BA-9CD6-112993643BFC}.Debug|Any CPU.ActiveCfg = Debug|Any CPU
		{A1DC10B3-E307-48BA-9CD6-112993643BFC}.Debug|Any CPU.Build.0 = Debug|Any CPU
		{A1DC10B3-E307-48BA-9CD6-112993643BFC}.Release|Any CPU.ActiveCfg = Release|Any CPU
		{A1DC10B3-E307-48BA-9CD6-112993643BFC}.Release|Any CPU.Build.0 = Release|Any CPU
		{039326A2-446B-4DC3-B1DF-864ED74D0D07}.Debug|Any CPU.ActiveCfg = Debug|Any CPU
		{039326A2-446B-4DC3-B1DF-864ED74D0D07}.Debug|Any CPU.Build.0 = Debug|Any CPU
		{039326A2-446B-4DC3-B1DF-864ED74D0D07}.Release|Any CPU.ActiveCfg = Release|Any CPU
		{039326A2-446B-4DC3-B1DF-864ED74D0D07}.Release|Any CPU.Build.0 = Release|Any CPU
	EndGlobalSection
	GlobalSection(SolutionProperties) = preSolution
		HideSolutionNode = FALSE
	EndGlobalSection
	GlobalSection(ExtensibilityGlobals) = postSolution
		SolutionGuid = {3C46F225-8AC8-46FA-BA09-6C9F055E9545}
	EndGlobalSection
EndGlobal
